{
  "lockfileVersion": 1,
  "configVersion": 0,
  "workspaces": {
    "": {
      "name": "juice.css",
      "dependencies": {
        "prism-themes": "^1.9.0",
      },
      "devDependencies": {
        "@biomejs/biome": "2.3.5",
        "@types/bun": "latest",
        "@types/prismjs": "^1.26.5",
        "lefthook": "^2.0.4",
        "playwright": "^1.56.1",
        "prismjs": "^1.30.0",
        "sort-package-json": "^3.4.0",
      },
      "peerDependencies": {
        "typescript": "^5",
      },
    },
  },
  "packages": {
    "@biomejs/biome": ["@biomejs/biome@2.3.5", "", { "optionalDependencies": { "@biomejs/cli-darwin-arm64": "2.3.5", "@biomejs/cli-darwin-x64": "2.3.5", "@biomejs/cli-linux-arm64": "2.3.5", "@biomejs/cli-linux-arm64-musl": "2.3.5", "@biomejs/cli-linux-x64": "2.3.5", "@biomejs/cli-linux-x64-musl": "2.3.5", "@biomejs/cli-win32-arm64": "2.3.5", "@biomejs/cli-win32-x64": "2.3.5" }, "bin": { "biome": "bin/biome" } }, "sha512-HvLhNlIlBIbAV77VysRIBEwp55oM/QAjQEin74QQX9Xb259/XP/D5AGGnZMOyF1el4zcvlNYYR3AyTMUV3ILhg=="],

    "@biomejs/cli-darwin-arm64": ["@biomejs/cli-darwin-arm64@2.3.5", "", { "os": "darwin", "cpu": "arm64" }, "sha512-fLdTur8cJU33HxHUUsii3GLx/TR0BsfQx8FkeqIiW33cGMtUD56fAtrh+2Fx1uhiCsVZlFh6iLKUU3pniZREQw=="],

    "@biomejs/cli-darwin-x64": ["@biomejs/cli-darwin-x64@2.3.5", "", { "os": "darwin", "cpu": "x64" }, "sha512-qpT8XDqeUlzrOW8zb4k3tjhT7rmvVRumhi2657I2aGcY4B+Ft5fNwDdZGACzn8zj7/K1fdWjgwYE3i2mSZ+vOA=="],

    "@biomejs/cli-linux-arm64": ["@biomejs/cli-linux-arm64@2.3.5", "", { "os": "linux", "cpu": "arm64" }, "sha512-u/pybjTBPGBHB66ku4pK1gj+Dxgx7/+Z0jAriZISPX1ocTO8aHh8x8e7Kb1rB4Ms0nA/SzjtNOVJ4exVavQBCw=="],

    "@biomejs/cli-linux-arm64-musl": ["@biomejs/cli-linux-arm64-musl@2.3.5", "", { "os": "linux", "cpu": "arm64" }, "sha512-eGUG7+hcLgGnMNl1KHVZUYxahYAhC462jF/wQolqu4qso2MSk32Q+QrpN7eN4jAHAg7FUMIo897muIhK4hXhqg=="],

    "@biomejs/cli-linux-x64": ["@biomejs/cli-linux-x64@2.3.5", "", { "os": "linux", "cpu": "x64" }, "sha512-XrIVi9YAW6ye0CGQ+yax0gLfx+BFOtKaNX74n+xHWla6Cl6huUmcKNO7HPx7BiKnJUzrxXY1qYlm7xMvi08X4g=="],

    "@biomejs/cli-linux-x64-musl": ["@biomejs/cli-linux-x64-musl@2.3.5", "", { "os": "linux", "cpu": "x64" }, "sha512-awVuycTPpVTH/+WDVnEEYSf6nbCBHf/4wB3lquwT7puhNg8R4XvonWNZzUsfHZrCkjkLhFH/vCZK5jHatD9FEg=="],

    "@biomejs/cli-win32-arm64": ["@biomejs/cli-win32-arm64@2.3.5", "", { "os": "win32", "cpu": "arm64" }, "sha512-DlBiMlBZZ9eIq4H7RimDSGsYcOtfOIfZOaI5CqsWiSlbTfqbPVfWtCf92wNzx8GNMbu1s7/g3ZZESr6+GwM/SA=="],

    "@biomejs/cli-win32-x64": ["@biomejs/cli-win32-x64@2.3.5", "", { "os": "win32", "cpu": "x64" }, "sha512-nUmR8gb6yvrKhtRgzwo/gDimPwnO5a4sCydf8ZS2kHIJhEmSmk+STsusr1LHTuM//wXppBawvSQi2xFXJCdgKQ=="],

    "@types/bun": ["@types/bun@1.3.2", "", { "dependencies": { "bun-types": "1.3.2" } }, "sha512-t15P7k5UIgHKkxwnMNkJbWlh/617rkDGEdSsDbu+qNHTaz9SKf7aC8fiIlUdD5RPpH6GEkP0cK7WlvmrEBRtWg=="],

    "@types/node": ["@types/node@24.10.1", "", { "dependencies": { "undici-types": "~7.16.0" } }, "sha512-GNWcUTRBgIRJD5zj+Tq0fKOJ5XZajIiBroOF0yvj2bSU1WvNdYS/dn9UxwsujGW4JX06dnHyjV2y9rRaybH0iQ=="],

    "@types/prismjs": ["@types/prismjs@1.26.5", "", {}, "sha512-AUZTa7hQ2KY5L7AmtSiqxlhWxb4ina0yd8hNbl4TWuqnv/pFP0nDMb3YrfSBf4hJVGLh2YEIBfKaBW/9UEl6IQ=="],

    "@types/react": ["@types/react@19.2.5", "", { "dependencies": { "csstype": "^3.0.2" } }, "sha512-keKxkZMqnDicuvFoJbzrhbtdLSPhj/rZThDlKWCDbgXmUg0rEUFtRssDXKYmtXluZlIqiC5VqkCgRwzuyLHKHw=="],

    "bun-types": ["bun-types@1.3.2", "", { "dependencies": { "@types/node": "*" }, "peerDependencies": { "@types/react": "^19" } }, "sha512-i/Gln4tbzKNuxP70OWhJRZz1MRfvqExowP7U6JKoI8cntFrtxg7RJK3jvz7wQW54UuvNC8tbKHHri5fy74FVqg=="],

    "csstype": ["csstype@3.2.0", "", {}, "sha512-si++xzRAY9iPp60roQiFta7OFbhrgvcthrhlNAGeQptSY25uJjkfUV8OArC3KLocB8JT8ohz+qgxWCmz8RhjIg=="],

    "detect-indent": ["detect-indent@7.0.2", "", {}, "sha512-y+8xyqdGLL+6sh0tVeHcfP/QDd8gUgbasolJJpY7NgeQGSZ739bDtSiaiDgtoicy+mtYB81dKLxO9xRhCyIB3A=="],

    "detect-newline": ["detect-newline@4.0.1", "", {}, "sha512-qE3Veg1YXzGHQhlA6jzebZN2qVf6NX+A7m7qlhCGG30dJixrAQhYOsJjsnBjJkCSmuOPpCk30145fr8FV0bzog=="],

    "fdir": ["fdir@6.5.0", "", { "peerDependencies": { "picomatch": "^3 || ^4" }, "optionalPeers": ["picomatch"] }, "sha512-tIbYtZbucOs0BRGqPJkshJUYdL+SDH7dVM8gjy+ERp3WAUjLEFJE+02kanyHtwjWOnwrKYBiwAmM0p4kLJAnXg=="],

    "fsevents": ["fsevents@2.3.2", "", { "os": "darwin" }, "sha512-xiqMQR4xAeHTuB9uWm+fFRcIOgKBMiOBP+eXiyT7jsgVCq1bkVygt00oASowB7EdtpOHaaPgKt812P9ab+DDKA=="],

    "git-hooks-list": ["git-hooks-list@4.1.1", "", {}, "sha512-cmP497iLq54AZnv4YRAEMnEyQ1eIn4tGKbmswqwmFV4GBnAqE8NLtWxxdXa++AalfgL5EBH4IxTPyquEuGY/jA=="],

    "is-plain-obj": ["is-plain-obj@4.1.0", "", {}, "sha512-+Pgi+vMuUNkJyExiMBt5IlFoMyKnr5zhJ4Uspz58WOhBF5QoIZkFyNHIbBAtHwzVAgk5RtndVNsDRN61/mmDqg=="],

    "lefthook": ["lefthook@2.0.4", "", { "optionalDependencies": { "lefthook-darwin-arm64": "2.0.4", "lefthook-darwin-x64": "2.0.4", "lefthook-freebsd-arm64": "2.0.4", "lefthook-freebsd-x64": "2.0.4", "lefthook-linux-arm64": "2.0.4", "lefthook-linux-x64": "2.0.4", "lefthook-openbsd-arm64": "2.0.4", "lefthook-openbsd-x64": "2.0.4", "lefthook-windows-arm64": "2.0.4", "lefthook-windows-x64": "2.0.4" }, "bin": { "lefthook": "bin/index.js" } }, "sha512-GNCU2vQWM/UWjiEF23601aILi1aMbPke6viortH7wIO/oVGOCW0H6FdLez4XZDyqnHL9XkTnd0BBVrBbYVMLpA=="],

    "lefthook-darwin-arm64": ["lefthook-darwin-arm64@2.0.4", "", { "os": "darwin", "cpu": "arm64" }, "sha512-AR63/O5UkM7Sc6x5PhP4vTuztTYRBeBroXApeWGM/8e5uZyoQug/7KTh7xhbCMDf8WJv6vdFeXAQCPSmDyPU3Q=="],

    "lefthook-darwin-x64": ["lefthook-darwin-x64@2.0.4", "", { "os": "darwin", "cpu": "x64" }, "sha512-618DVUttSzV9egQiqTQoxGfnR240JoPWYmqRVHhiegnQKZ2lp5XJ+7NMxeRk/ih93VVOLzFO5ky3PbpxTmJgjQ=="],

    "lefthook-freebsd-arm64": ["lefthook-freebsd-arm64@2.0.4", "", { "os": "freebsd", "cpu": "arm64" }, "sha512-mTAQym1BK38fKglHBQ/0GXPznVC4LoStHO5lAI3ZxaEC0FQetqGHYFzhWbIH5sde9JhztE2rL/aBzMHDoAtzSw=="],

    "lefthook-freebsd-x64": ["lefthook-freebsd-x64@2.0.4", "", { "os": "freebsd", "cpu": "x64" }, "sha512-sy02aSxd8UMd6XmiPFVl/Em0b78jdZcDSsLwg+bweJQQk0l+vJhOfqFiG11mbnpo+EBIZmRe6OH5LkxeSU36+w=="],

    "lefthook-linux-arm64": ["lefthook-linux-arm64@2.0.4", "", { "os": "linux", "cpu": "arm64" }, "sha512-W0Nlr/Cz2QTH9n4k5zNrk3LSsg1C4wHiJi8hrAiQVTaAV/N1XrKqd0DevqQuouuapG6pw/6B1xCgiNPebv9oyw=="],

    "lefthook-linux-x64": ["lefthook-linux-x64@2.0.4", "", { "os": "linux", "cpu": "x64" }, "sha512-N6ySVCtB/DrOZ1ZgPL8WBZTgtoVHvcPKI+LV5wbcGrvA/dzDZFvniadrbDWZg7Tm705efiQzyENjwhhqNkwiww=="],

    "lefthook-openbsd-arm64": ["lefthook-openbsd-arm64@2.0.4", "", { "os": "openbsd", "cpu": "arm64" }, "sha512-VmOhJO3pYzZ/1C2WFXtL/n5pq4/eYOroqJJpwTJfmCHyw4ceLACu8MDyU5AMJhGMkbL8mPxGInJKxg5xhYgGRw=="],

    "lefthook-openbsd-x64": ["lefthook-openbsd-x64@2.0.4", "", { "os": "openbsd", "cpu": "x64" }, "sha512-U8MZz1xlHUdflkQQ2hkMQsei6fSZbs8tuE4EjCIHWnNdnAF4V8sZ6n1KbxsJcoZXPyBZqxZSMu1o/Ye8IAMVKg=="],

    "lefthook-windows-arm64": ["lefthook-windows-arm64@2.0.4", "", { "os": "win32", "cpu": "arm64" }, "sha512-543H3y2JAwNdvwUQ6nlNBG7rdKgoOUgzAa6pYcl6EoqicCRrjRmGhkJu7vUudkkrD2Wjm7tr9hU9poP2g5fRFQ=="],

    "lefthook-windows-x64": ["lefthook-windows-x64@2.0.4", "", { "os": "win32", "cpu": "x64" }, "sha512-UDEPK9RWKm60xsNOdS/DQOdFba0SFa4w3tpFMXK1AJzmRHhosoKrorXGhtTr6kcM0MGKOtYi8GHsm++ArZ9wvQ=="],

    "picomatch": ["picomatch@4.0.3", "", {}, "sha512-5gTmgEY/sqK6gFXLIsQNH19lWb4ebPDLA4SdLP7dsWkIXHWlG66oPuVvXSGFPppYZz8ZDZq0dYYrbHfBCVUb1Q=="],

    "playwright": ["playwright@1.56.1", "", { "dependencies": { "playwright-core": "1.56.1" }, "optionalDependencies": { "fsevents": "2.3.2" }, "bin": { "playwright": "cli.js" } }, "sha512-aFi5B0WovBHTEvpM3DzXTUaeN6eN0qWnTkKx4NQaH4Wvcmc153PdaY2UBdSYKaGYw+UyWXSVyxDUg5DoPEttjw=="],

    "playwright-core": ["playwright-core@1.56.1", "", { "bin": { "playwright-core": "cli.js" } }, "sha512-hutraynyn31F+Bifme+Ps9Vq59hKuUCz7H1kDOcBs+2oGguKkWTU50bBWrtz34OUWmIwpBTWDxaRPXrIXkgvmQ=="],

    "prism-themes": ["prism-themes@1.9.0", "", {}, "sha512-tX2AYsehKDw1EORwBps+WhBFKc2kxfoFpQAjxBndbZKr4fRmMkv47XN0BghC/K1qwodB1otbe4oF23vUTFDokw=="],

    "prismjs": ["prismjs@1.30.0", "", {}, "sha512-DEvV2ZF2r2/63V+tK8hQvrR2ZGn10srHbXviTlcv7Kpzw8jWiNTqbVgjO3IY8RxrrOUF8VPMQQFysYYYv0YZxw=="],

    "semver": ["semver@7.7.3", "", { "bin": { "semver": "bin/semver.js" } }, "sha512-SdsKMrI9TdgjdweUSR9MweHA4EJ8YxHn8DFaDisvhVlUOe4BF1tLD7GAj0lIqWVl+dPb/rExr0Btby5loQm20Q=="],

    "sort-object-keys": ["sort-object-keys@1.1.3", "", {}, "sha512-855pvK+VkU7PaKYPc+Jjnmt4EzejQHyhhF33q31qG8x7maDzkeFhAAThdCYay11CISO+qAMwjOBP+fPZe0IPyg=="],

    "sort-package-json": ["sort-package-json@3.4.0", "", { "dependencies": { "detect-indent": "^7.0.1", "detect-newline": "^4.0.1", "git-hooks-list": "^4.0.0", "is-plain-obj": "^4.1.0", "semver": "^7.7.1", "sort-object-keys": "^1.1.3", "tinyglobby": "^0.2.12" }, "bin": { "sort-package-json": "cli.js" } }, "sha512-97oFRRMM2/Js4oEA9LJhjyMlde+2ewpZQf53pgue27UkbEXfHJnDzHlUxQ/DWUkzqmp7DFwJp8D+wi/TYeQhpA=="],

    "tinyglobby": ["tinyglobby@0.2.15", "", { "dependencies": { "fdir": "^6.5.0", "picomatch": "^4.0.3" } }, "sha512-j2Zq4NyQYG5XMST4cbs02Ak8iJUdxRM0XI5QyxXuZOzKOINmWurp3smXu3y5wDcJrptwpSjgXHzIQxR0omXljQ=="],

    "typescript": ["typescript@5.9.3", "", { "bin": { "tsc": "bin/tsc", "tsserver": "bin/tsserver" } }, "sha512-jl1vZzPDinLr9eUt3J/t7V6FgNEw9QjvBPdysz9KfQDD41fQrC2Y4vKQdiaUpFT4bXlb1RHhLpp8wtm6M5TgSw=="],

    "undici-types": ["undici-types@7.16.0", "", {}, "sha512-Zz+aZWSj8LE6zoxD+xrjh4VfkIG8Ya6LvYkZqtUQGJPZjYl53ypCaUwWqo7eI0x66KBGeRo+mlBEkMSeSZ38Nw=="],
  }
}
